
Microsoft Visual Studio Solution File, Format Version 12.00
# Visual Studio 15
VisualStudioVersion = 15.0.26124.0
MinimumVisualStudioVersion = 15.0.26124.0
Project("{2150E333-8FDC-42A3-9474-1A3956D46DE8}") = "src", "src", "{92802CED-2E90-4EEE-9570-DCE537B74BD7}"
EndProject
Project("{FAE04EC0-301F-11D3-BF4B-00C04F79EFBC}") = "SimpleAPI", "src\SimpleAPI\SimpleAPI.csproj", "{CBD6144F-9338-419B-8E84-ECE1C6FFCEA0}"
EndProject
Project("{2150E333-8FDC-42A3-9474-1A3956D46DE8}") = "test", "test", "{245EC940-0B70-4D97-980E-622AECA43426}"
EndProject
Project("{FAE04EC0-301F-11D3-BF4B-00C04F79EFBC}") = "SimpleAPI.Tests", "test\SimpleAPI.Tests\SimpleAPI.Tests.csproj", "{00F56816-9239-4093-81DE-FECAF07BC5B6}"
EndProject
Global
	GlobalSection(SolutionConfigurationPlatforms) = preSolution
		Debug|Any CPU = Debug|Any CPU
		Debug|x64 = Debug|x64
		Debug|x86 = Debug|x86
		Release|Any CPU = Release|Any CPU
		Release|x64 = Release|x64
		Release|x86 = Release|x86
	EndGlobalSection
	GlobalSection(SolutionProperties) = preSolution
		HideSolutionNode = FALSE
	EndGlobalSection
	GlobalSection(ProjectConfigurationPlatforms) = postSolution
		{CBD6144F-9338-419B-8E84-ECE1C6FFCEA0}.Debug|Any CPU.ActiveCfg = Debug|Any CPU
		{CBD6144F-9338-419B-8E84-ECE1C6FFCEA0}.Debug|Any CPU.Build.0 = Debug|Any CPU
		{CBD6144F-9338-419B-8E84-ECE1C6FFCEA0}.Debug|x64.ActiveCfg = Debug|Any CPU
		{CBD6144F-9338-419B-8E84-ECE1C6FFCEA0}.Debug|x64.Build.0 = Debug|Any CPU
		{CBD6144F-9338-419B-8E84-ECE1C6FFCEA0}.Debug|x86.ActiveCfg = Debug|Any CPU
		{CBD6144F-9338-419B-8E84-ECE1C6FFCEA0}.Debug|x86.Build.0 = Debug|Any CPU
		{CBD6144F-9338-419B-8E84-ECE1C6FFCEA0}.Release|Any CPU.ActiveCfg = Release|Any CPU
		{CBD6144F-9338-419B-8E84-ECE1C6FFCEA0}.Release|Any CPU.Build.0 = Release|Any CPU
		{CBD6144F-9338-419B-8E84-ECE1C6FFCEA0}.Release|x64.ActiveCfg = Release|Any CPU
		{CBD6144F-9338-419B-8E84-ECE1C6FFCEA0}.Release|x64.Build.0 = Release|Any CPU
		{CBD6144F-9338-419B-8E84-ECE1C6FFCEA0}.Release|x86.ActiveCfg = Release|Any CPU
		{CBD6144F-9338-419B-8E84-ECE1C6FFCEA0}.Release|x86.Build.0 = Release|Any CPU
		{00F56816-9239-4093-81DE-FECAF07BC5B6}.Debug|Any CPU.ActiveCfg = Debug|Any CPU
		{00F56816-9239-4093-81DE-FECAF07BC5B6}.Debug|Any CPU.Build.0 = Debug|Any CPU
		{00F56816-9239-4093-81DE-FECAF07BC5B6}.Debug|x64.ActiveCfg = Debug|Any CPU
		{00F56816-9239-4093-81DE-FECAF07BC5B6}.Debug|x64.Build.0 = Debug|Any CPU
		{00F56816-9239-4093-81DE-FECAF07BC5B6}.Debug|x86.ActiveCfg = Debug|Any CPU
		{00F56816-9239-4093-81DE-FECAF07BC5B6}.Debug|x86.Build.0 = Debug|Any CPU
		{00F56816-9239-4093-81DE-FECAF07BC5B6}.Release|Any CPU.ActiveCfg = Release|Any CPU
		{00F56816-9239-4093-81DE-FECAF07BC5B6}.Release|Any CPU.Build.0 = Release|Any CPU
		{00F56816-9239-4093-81DE-FECAF07BC5B6}.Release|x64.ActiveCfg = Release|Any CPU
		{00F56816-9239-4093-81DE-FECAF07BC5B6}.Release|x64.Build.0 = Release|Any CPU
		{00F56816-9239-4093-81DE-FECAF07BC5B6}.Release|x86.ActiveCfg = Release|Any CPU
		{00F56816-9239-4093-81DE-FECAF07BC5B6}.Release|x86.Build.0 = Release|Any CPU
	EndGlobalSection
	GlobalSection(NestedProjects) = preSolution
		{CBD6144F-9338-419B-8E84-ECE1C6FFCEA0} = {92802CED-2E90-4EEE-9570-DCE537B74BD7}
		{00F56816-9239-4093-81DE-FECAF07BC5B6} = {245EC940-0B70-4D97-980E-622AECA43426}
	EndGlobalSection
EndGlobal
